# THIS IS AN AUTOGENERATED FILE. DO NOT EDIT THIS FILE DIRECTLY.
# yarn lockfile v1


"@types/ffi-napi@^4.0.5":
  version "4.0.5"
  resolved "https://registry.yarnpkg.com/@types/ffi-napi/-/ffi-napi-4.0.5.tgz#0b2dc2d549361947a117d55156ff34fd9632c3df"
  integrity sha512-WDPpCcHaPhHmP1FIw3ds/+OLt8bYQ/h3SO7o+8kH771PL21kHVzTwii7+WyMBXMQrBsR6xVU2y7w+h+9ggpaQw==
  dependencies:
    "@types/node" "*"
    "@types/ref-napi" "*"
    "@types/ref-struct-di" "*"

"@types/node@*", "@types/node@^18.6.3":
  version "18.6.3"
  resolved "https://registry.yarnpkg.com/@types/node/-/node-18.6.3.tgz#4e4a95b6fe44014563ceb514b2598b3e623d1c98"
  integrity sha512-6qKpDtoaYLM+5+AFChLhHermMQxc3TOEFIDzrZLPRGHPrLEwqFkkT5Kx3ju05g6X7uDPazz3jHbKPX0KzCjntg==

"@types/ref-napi@*":
  version "3.0.4"
  resolved "https://registry.yarnpkg.com/@types/ref-napi/-/ref-napi-3.0.4.tgz#d7edc063b244c85767867ce1167ec2d7051728a1"
  integrity sha512-ng8SCmdZbz1GHaW3qgGoX9IaHoIvgMqgBHLe3sv18NbAkHVgnjRW8fJq51VTUm4lnJyLu60q9/002o7qjOg13g==
  dependencies:
    "@types/node" "*"

"@types/ref-struct-di@*":
  version "1.1.6"
  resolved "https://registry.yarnpkg.com/@types/ref-struct-di/-/ref-struct-di-1.1.6.tgz#9775753b24ba5bf248dd66d79d4fdb7cebef6e95"
  integrity sha512-+Sa2H3ynDYo2ungR3d5kmNetlkAYNqQVjJvs1k7i6zvo7Zu/qb+OsrXU54RuiOYJCwY9piN+hOd4YRRaiEOqgw==
  dependencies:
    "@types/ref-napi" "*"

"@types/ws@^8.5.3":
  version "8.5.3"
  resolved "https://registry.yarnpkg.com/@types/ws/-/ws-8.5.3.tgz#7d25a1ffbecd3c4f2d35068d0b283c037003274d"
  integrity sha512-6YOoWjruKj1uLf3INHH7D3qTXwFfEsg1kf3c0uDdSBJwfa/llkwIjrAGV7j7mVgGNbzTQ3HiHKKDXl6bJPD97w==
  dependencies:
    "@types/node" "*"

agent-base@^4.3.0:
  version "4.3.0"
  resolved "https://registry.yarnpkg.com/agent-base/-/agent-base-4.3.0.tgz#8165f01c436009bccad0b1d122f05ed770efc6ee"
  integrity sha512-salcGninV0nPrwpGNn4VTXBb1SOuXQBiqbrNXoeizJsHrsL6ERFM2Ne3JUSBWRE6aeNJI2ROP/WEEIDUiDe3cg==
  dependencies:
    es6-promisify "^5.0.0"

agent-base@~4.2.1:
  version "4.2.1"
  resolved "https://registry.yarnpkg.com/agent-base/-/agent-base-4.2.1.tgz#d89e5999f797875674c07d87f260fc41e83e8ca9"
  integrity sha512-JVwXMr9nHYTUXsBFKUqhJwvlcYU/blreOEUkhNR2eXZIvwd+c+o5V4MgDPKWnMS/56awN3TRzIP+KoPn+roQtg==
  dependencies:
    es6-promisify "^5.0.0"

async-limiter@~1.0.0:
  version "1.0.1"
  resolved "https://registry.yarnpkg.com/async-limiter/-/async-limiter-1.0.1.tgz#dd379e94f0db8310b08291f9d64c3209766617fd"
  integrity sha512-csOlWGAcRFJaI6m+F2WKdnMKr4HhdhFVBk0H/QbJFMCr+uO2kwohwXQPxw/9OCxp05r5ghVBFSyioixx3gfkNQ==

debug@^3.1.0:
  version "3.2.7"
  resolved "https://registry.yarnpkg.com/debug/-/debug-3.2.7.tgz#72580b7e9145fb39b6676f9c5e5fb100b934179a"
  integrity sha512-CFjzYYAi4ThfiQvizrFQevTTXHtnCqWfe7x1AhgEscTz6ZbLbfoLRLPugTQyBth6f8ZERVUSyWHFD/7Wu4t1XQ==
  dependencies:
    ms "^2.1.1"

debug@^4.1.1:
  version "4.3.4"
  resolved "https://registry.yarnpkg.com/debug/-/debug-4.3.4.tgz#1319f6579357f2338d3337d2cdd4914bb5dcc865"
  integrity sha512-PRWFHuSU3eDtQJPvnNY7Jcket1j0t5OuOsFzPPzsekD52Zl8qUfFIPEiswXqIvHWGVHOgX+7G/vCNNhehwxfkQ==
  dependencies:
    ms "2.1.2"

dotenv@^16.0.1:
  version "16.0.1"
  resolved "https://registry.yarnpkg.com/dotenv/-/dotenv-16.0.1.tgz#8f8f9d94876c35dac989876a5d3a82a267fdce1d"
  integrity sha512-1K6hR6wtk2FviQ4kEiSjFiH5rpzEVi8WW0x96aztHVMhEspNpc4DVOUTEHtEva5VThQ8IaBX1Pe4gSzpVVUsKQ==

es6-promise@^4.0.3:
  version "4.2.8"
  resolved "https://registry.yarnpkg.com/es6-promise/-/es6-promise-4.2.8.tgz#4eb21594c972bc40553d276e510539143db53e0a"
  integrity sha512-HJDGx5daxeIvxdBxvG2cb9g4tEvwIk3i8+nhX0yGrYmZUzbkdg8QbDevheDB8gd0//uPj4c1EQua8Q+MViT0/w==

es6-promisify@^5.0.0:
  version "5.0.0"
  resolved "https://registry.yarnpkg.com/es6-promisify/-/es6-promisify-5.0.0.tgz#5109d62f3e56ea967c4b63505aef08291c8a5203"
  integrity sha512-C+d6UdsYDk0lMebHNR4S2NybQMMngAOnOwYBQjTOiv0MkoJMP0Myw2mgpDLBcpfCmRLxyFqYhS/CfOENq4SJhQ==
  dependencies:
    es6-promise "^4.0.3"

ffi-napi@^4.0.3:
  version "4.0.3"
  resolved "https://registry.yarnpkg.com/ffi-napi/-/ffi-napi-4.0.3.tgz#27a8d42a8ea938457154895c59761fbf1a10f441"
  integrity sha512-PMdLCIvDY9mS32RxZ0XGb95sonPRal8aqRhLbeEtWKZTe2A87qRFG9HjOhvG8EX2UmQw5XNRMIOT+1MYlWmdeg==
  dependencies:
    debug "^4.1.1"
    get-uv-event-loop-napi-h "^1.0.5"
    node-addon-api "^3.0.0"
    node-gyp-build "^4.2.1"
    ref-napi "^2.0.1 || ^3.0.2"
    ref-struct-di "^1.1.0"

get-symbol-from-current-process-h@^1.0.1, get-symbol-from-current-process-h@^1.0.2:
  version "1.0.2"
  resolved "https://registry.yarnpkg.com/get-symbol-from-current-process-h/-/get-symbol-from-current-process-h-1.0.2.tgz#510af52eaef873f7028854c3377f47f7bb200265"
  integrity sha512-syloC6fsCt62ELLrr1VKBM1ggOpMdetX9hTrdW77UQdcApPHLmf7CI7OKcN1c9kYuNxKcDe4iJ4FY9sX3aw2xw==

get-uv-event-loop-napi-h@^1.0.5:
  version "1.0.6"
  resolved "https://registry.yarnpkg.com/get-uv-event-loop-napi-h/-/get-uv-event-loop-napi-h-1.0.6.tgz#42b0b06b74c3ed21fbac8e7c72845fdb7a200208"
  integrity sha512-t5c9VNR84nRoF+eLiz6wFrEp1SE2Acg0wS+Ysa2zF0eROes+LzOfuTaVHxGy8AbS8rq7FHEJzjnCZo1BupwdJg==
  dependencies:
    get-symbol-from-current-process-h "^1.0.1"

https-proxy-agent@^2.2.1:
  version "2.2.4"
  resolved "https://registry.yarnpkg.com/https-proxy-agent/-/https-proxy-agent-2.2.4.tgz#4ee7a737abd92678a293d9b34a1af4d0d08c787b"
  integrity sha512-OmvfoQ53WLjtA9HeYP9RNrWMJzzAz1JGaSFr1nijg0PVR1JaD/xbJq1mdEIIlxGpXp9eSe/O2LgU9DJmTPd0Eg==
  dependencies:
    agent-base "^4.3.0"
    debug "^3.1.0"

ip@1.1.5:
  version "1.1.5"
  resolved "https://registry.yarnpkg.com/ip/-/ip-1.1.5.tgz#bdded70114290828c0a039e72ef25f5aaec4354a"
  integrity sha512-rBtCAQAJm8A110nbwn6YdveUnuZH3WrC36IwkRXxDnq53JvXA2NVQvB7IHyKomxK1MJ4VDNw3UtFDdXQ+AvLYA==

mpp-client-xt@^1.3.1:
  version "1.3.1"
  resolved "https://registry.yarnpkg.com/mpp-client-xt/-/mpp-client-xt-1.3.1.tgz#b99b3bc2eb3629dbff0a11827971d57b1c3b91e4"
  integrity sha512-M6fHevGosQRjAEN3YK2DFEp2vsWHQqyMXNGiEgMMQP+sHIxYXo3nODhaF8AQd/9CXlnycqgUUsOfwT7nv8EfvQ==
  dependencies:
    https-proxy-agent "^2.2.1"
    socks-proxy-agent "^4.0.1"
    ws "^5.1.1"

mpp-client@^0.4.3483807882806744:
  version "0.4.3483807882806744"
  resolved "https://registry.yarnpkg.com/mpp-client/-/mpp-client-0.4.3483807882806744.tgz#c766477ea6b51dbce2f09016710779e266bf99a0"
  integrity sha512-n3i7aElWgBUadTplEpxaKg25KunH9T1cUgsTDdReHuL4MuIVN3uMZqFsrnMGqsaBi/yfhTYoZ2wz2pJvcxWpWQ==
  dependencies:
    ws ""

mppclone-client@^1.0.0:
  version "1.0.0"
  resolved "https://registry.yarnpkg.com/mppclone-client/-/mppclone-client-1.0.0.tgz#7765e4a355b0608ea3d0c02d0056d71255ea17bf"
  integrity sha512-yZUr4POT8MqlhqwvsYCnwVxnCXSlLGLcSUeLtiiJtE3BsDZOpM4VZ27k32ATC2mZs8M0tNLE7KkDd1j+sTvGSw==
  dependencies:
    ws "^8.5.0"

ms@2.1.2:
  version "2.1.2"
  resolved "https://registry.yarnpkg.com/ms/-/ms-2.1.2.tgz#d09d1f357b443f493382a8eb3ccd183872ae6009"
  integrity sha512-sGkPx+VjMtmA6MX27oA4FBFELFCZZ4S4XqeGOXCv68tT+jb3vk/RyaKWP0PTKyWtmLSM0b+adUTEvbs1PEaH2w==

ms@^2.1.1:
  version "2.1.3"
  resolved "https://registry.yarnpkg.com/ms/-/ms-2.1.3.tgz#574c8138ce1d2b5861f0b44579dbadd60c6615b2"
  integrity sha512-6FlzubTLZG3J2a/NVCAleEhjzq5oxgHyaCU9yYXvcLsvoVaHJq/s5xXI6/XXP6tz7R9xAOtHnSO/tXtF3WRTlA==

node-addon-api@^3.0.0:
  version "3.2.1"
  resolved "https://registry.yarnpkg.com/node-addon-api/-/node-addon-api-3.2.1.tgz#81325e0a2117789c0128dab65e7e38f07ceba161"
  integrity sha512-mmcei9JghVNDYydghQmeDX8KoAm0FAiYyIcUt/N4nhyAipB17pllZQDOJD2fotxABnt4Mdz+dKTO7eftLg4d0A==

node-gyp-build@^4.2.1:
  version "4.5.0"
  resolved "https://registry.yarnpkg.com/node-gyp-build/-/node-gyp-build-4.5.0.tgz#7a64eefa0b21112f89f58379da128ac177f20e40"
  integrity sha512-2iGbaQBV+ITgCz76ZEjmhUKAKVf7xfY1sRl4UiKQspfZMH2h06SyhNsnSVy50cwkFQDGLyif6m/6uFXHkOZ6rg==

"ref-napi@^2.0.1 || ^3.0.2", ref-napi@^3.0.3:
  version "3.0.3"
  resolved "https://registry.yarnpkg.com/ref-napi/-/ref-napi-3.0.3.tgz#e259bfc2bbafb3e169e8cd9ba49037dd00396b22"
  integrity sha512-LiMq/XDGcgodTYOMppikEtJelWsKQERbLQsYm0IOOnzhwE9xYZC7x8txNnFC9wJNOkPferQI4vD4ZkC0mDyrOA==
  dependencies:
    debug "^4.1.1"
    get-symbol-from-current-process-h "^1.0.2"
    node-addon-api "^3.0.0"
    node-gyp-build "^4.2.1"

ref-struct-di@^1.1.0:
  version "1.1.1"
  resolved "https://registry.yarnpkg.com/ref-struct-di/-/ref-struct-di-1.1.1.tgz#5827b1d3b32372058f177547093db1fe1602dc10"
  integrity sha512-2Xyn/0Qgz89VT+++WP0sTosdm9oeowLP23wRJYhG4BFdMUrLj3jhwHZNEytYNYgtPKLNTP3KJX4HEgBvM1/Y2g==
  dependencies:
    debug "^3.1.0"

smart-buffer@^4.1.0:
  version "4.2.0"
  resolved "https://registry.yarnpkg.com/smart-buffer/-/smart-buffer-4.2.0.tgz#6e1d71fa4f18c05f7d0ff216dd16a481d0e8d9ae"
  integrity sha512-94hK0Hh8rPqQl2xXc3HsaBoOXKV20MToPkcXvwbISWLEs+64sBq5kFgn2kJDHb1Pry9yrP0dxrCI9RRci7RXKg==

socks-proxy-agent@^4.0.1:
  version "4.0.2"
  resolved "https://registry.yarnpkg.com/socks-proxy-agent/-/socks-proxy-agent-4.0.2.tgz#3c8991f3145b2799e70e11bd5fbc8b1963116386"
  integrity sha512-NT6syHhI9LmuEMSK6Kd2V7gNv5KFZoLE7V5udWmn0de+3Mkj3UMA/AJPLyeNUVmElCurSHtUdM3ETpR3z770Wg==
  dependencies:
    agent-base "~4.2.1"
    socks "~2.3.2"

socks@~2.3.2:
  version "2.3.3"
  resolved "https://registry.yarnpkg.com/socks/-/socks-2.3.3.tgz#01129f0a5d534d2b897712ed8aceab7ee65d78e3"
  integrity sha512-o5t52PCNtVdiOvzMry7wU4aOqYWL0PeCXRWBEiJow4/i/wr+wpsJQ9awEu1EonLIqsfGd5qSgDdxEOvCdmBEpA==
  dependencies:
    ip "1.1.5"
    smart-buffer "^4.1.0"

typescript@^4.7.4:
  version "4.7.4"
  resolved "https://registry.yarnpkg.com/typescript/-/typescript-4.7.4.tgz#1a88596d1cf47d59507a1bcdfb5b9dfe4d488235"
  integrity sha512-C0WQT0gezHuw6AdY1M2jxUO83Rjf0HP7Sk1DtXj6j1EwkQNZrHAg2XPWlq62oqEhYvONq5pkC2Y9oPljWToLmQ==

ws@, ws@^8.5.0, ws@^8.8.1:
  version "8.8.1"
  resolved "https://registry.yarnpkg.com/ws/-/ws-8.8.1.tgz#5dbad0feb7ade8ecc99b830c1d77c913d4955ff0"
  integrity sha512-bGy2JzvzkPowEJV++hF07hAD6niYSr0JzBNo/J29WsB57A2r7Wlc1UFcTR9IzrPvuNVO4B8LGqF8qcpsVOhJCA==

ws@^5.1.1:
  version "5.2.3"
  resolved "https://registry.yarnpkg.com/ws/-/ws-5.2.3.tgz#05541053414921bc29c63bee14b8b0dd50b07b3d"
  integrity sha512-jZArVERrMsKUatIdnLzqvcfydI85dvd/Fp1u/VOpfdDWQ4c9qWXe+VIeAbQ5FrDwciAkr+lzofXLz3Kuf26AOA==
  dependencies:
    async-limiter "~1.0.0"

yaml@^2.1.1:
  version "2.1.1"
  resolved "https://registry.yarnpkg.com/yaml/-/yaml-2.1.1.tgz#1e06fb4ca46e60d9da07e4f786ea370ed3c3cfec"
  integrity sha512-o96x3OPo8GjWeSLF+wOAbrPfhFOGY0W00GNaxCDv+9hkcDJEnev1yh8S7pgHF0ik6zc8sQLuL8hjHjJULZp8bw==
